
Microsoft Visual Studio Solution File, Format Version 12.00
# Visual Studio Version 17
VisualStudioVersion = 17.14.36408.4 d17.14
MinimumVisualStudioVersion = 10.0.40219.1
Project("{FAE04EC0-301F-11D3-BF4B-00C04F79EFBC}") = "Bnking System CLI", "Bnking System CLI\Bnking System CLI.csproj", "{D8CF7633-23A3-41FB-8E49-BF256448F266}"
EndProject
Global
	GlobalSection(SolutionConfigurationPlatforms) = preSolution
		Debug|Any CPU = Debug|Any CPU
		Release|Any CPU = Release|Any CPU
	EndGlobalSection
	GlobalSection(ProjectConfigurationPlatforms) = postSolution
		{D8CF7633-23A3-41FB-8E49-BF256448F266}.Debug|Any CPU.ActiveCfg = Debug|Any CPU
		{D8CF7633-23A3-41FB-8E49-BF256448F266}.Debug|Any CPU.Build.0 = Debug|Any CPU
		{D8CF7633-23A3-41FB-8E49-BF256448F266}.Release|Any CPU.ActiveCfg = Release|Any CPU
		{D8CF7633-23A3-41FB-8E49-BF256448F266}.Release|Any CPU.Build.0 = Release|Any CPU
	EndGlobalSection
	GlobalSection(SolutionProperties) = preSolution
		HideSolutionNode = FALSE
	EndGlobalSection
	GlobalSection(ExtensibilityGlobals) = postSolution
		SolutionGuid = {E47ED5C8-2F3D-45BA-9694-EE8C3EE26FCC}
	EndGlobalSection
EndGlobal
